// !$*UTF8*$!
{
	archiveVersion = 1;
	classes = {
	};
	objectVersion = 55;
	objects = {

/* Begin PBXBuildFile section */
		D46A98F127E7AB390060F8C0 /* AppDelegate.swift in Sources */ = {isa = PBXBuildFile; fileRef = D46A98F027E7AB390060F8C0 /* AppDelegate.swift */; };
		D46A98F327E7AB390060F8C0 /* SceneDelegate.swift in Sources */ = {isa = PBXBuildFile; fileRef = D46A98F227E7AB390060F8C0 /* SceneDelegate.swift */; };
		D46A98F827E7AB390060F8C0 /* Main.storyboard in Resources */ = {isa = PBXBuildFile; fileRef = D46A98F627E7AB390060F8C0 /* Main.storyboard */; };
		D46A98FA27E7AB410060F8C0 /* Assets.xcassets in Resources */ = {isa = PBXBuildFile; fileRef = D46A98F927E7AB410060F8C0 /* Assets.xcassets */; };
		D46A98FD27E7AB410060F8C0 /* LaunchScreen.storyboard in Resources */ = {isa = PBXBuildFile; fileRef = D46A98FB27E7AB410060F8C0 /* LaunchScreen.storyboard */; };
		D4A5297F27E7B23600F6E35A /* League Logo.xcassets in Resources */ = {isa = PBXBuildFile; fileRef = D4A5297E27E7B23600F6E35A /* League Logo.xcassets */; };
		D4A5298127E7B8FD00F6E35A /* LeagueTableViewController.swift in Sources */ = {isa = PBXBuildFile; fileRef = D4A5298027E7B8FD00F6E35A /* LeagueTableViewController.swift */; };
		D4A5298327E7B97C00F6E35A /* League.swift in Sources */ = {isa = PBXBuildFile; fileRef = D4A5298227E7B97C00F6E35A /* League.swift */; };
		D4A5298527E7BB1800F6E35A /* LeagueTableViewCell.swift in Sources */ = {isa = PBXBuildFile; fileRef = D4A5298427E7BB1800F6E35A /* LeagueTableViewCell.swift */; };
/* End PBXBuildFile section */

/* Begin PBXFileReference section */
		D46A98ED27E7AB390060F8C0 /* FutInfo.app */ = {isa = PBXFileReference; explicitFileType = wrapper.application; includeInIndex = 0; path = FutInfo.app; sourceTree = BUILT_PRODUCTS_DIR; };
		D46A98F027E7AB390060F8C0 /* AppDelegate.swift */ = {isa = PBXFileReference; lastKnownFileType = sourcecode.swift; path = AppDelegate.swift; sourceTree = "<group>"; };
		D46A98F227E7AB390060F8C0 /* SceneDelegate.swift */ = {isa = PBXFileReference; lastKnownFileType = sourcecode.swift; path = SceneDelegate.swift; sourceTree = "<group>"; };
		D46A98F727E7AB390060F8C0 /* Base */ = {isa = PBXFileReference; lastKnownFileType = file.storyboard; name = Base; path = Base.lproj/Main.storyboard; sourceTree = "<group>"; };
		D46A98F927E7AB410060F8C0 /* Assets.xcassets */ = {isa = PBXFileReference; lastKnownFileType = folder.assetcatalog; path = Assets.xcassets; sourceTree = "<group>"; };
		D46A98FC27E7AB410060F8C0 /* Base */ = {isa = PBXFileReference; lastKnownFileType = file.storyboard; name = Base; path = Base.lproj/LaunchScreen.storyboard; sourceTree = "<group>"; };
		D46A98FE27E7AB410060F8C0 /* Info.plist */ = {isa = PBXFileReference; lastKnownFileType = text.plist.xml; path = Info.plist; sourceTree = "<group>"; };
		D4A5297E27E7B23600F6E35A /* League Logo.xcassets */ = {isa = PBXFileReference; lastKnownFileType = folder.assetcatalog; path = "League Logo.xcassets"; sourceTree = "<group>"; };
		D4A5298027E7B8FD00F6E35A /* LeagueTableViewController.swift */ = {isa = PBXFileReference; lastKnownFileType = sourcecode.swift; path = LeagueTableViewController.swift; sourceTree = "<group>"; };
		D4A5298227E7B97C00F6E35A /* League.swift */ = {isa = PBXFileReference; lastKnownFileType = sourcecode.swift; path = League.swift; sourceTree = "<group>"; };
		D4A5298427E7BB1800F6E35A /* LeagueTableViewCell.swift */ = {isa = PBXFileReference; lastKnownFileType = sourcecode.swift; path = LeagueTableViewCell.swift; sourceTree = "<group>"; };
/* End PBXFileReference section */

/* Begin PBXFrameworksBuildPhase section */
		D46A98EA27E7AB390060F8C0 /* Frameworks */ = {
			isa = PBXFrameworksBuildPhase;
			buildActionMask = 2147483647;
			files = (
			);
			runOnlyForDeploymentPostprocessing = 0;
		};
/* End PBXFrameworksBuildPhase section */

/* Begin PBXGroup section */
		D46A98E427E7AB390060F8C0 = {
			isa = PBXGroup;
			children = (
				D46A98EF27E7AB390060F8C0 /* FutInfo */,
				D46A98EE27E7AB390060F8C0 /* Products */,
			);
			sourceTree = "<group>";
		};
		D46A98EE27E7AB390060F8C0 /* Products */ = {
			isa = PBXGroup;
			children = (
				D46A98ED27E7AB390060F8C0 /* FutInfo.app */,
			);
			name = Products;
			sourceTree = "<group>";
		};
		D46A98EF27E7AB390060F8C0 /* FutInfo */ = {
			isa = PBXGroup;
			children = (
				D46A98F027E7AB390060F8C0 /* AppDelegate.swift */,
				D46A98F227E7AB390060F8C0 /* SceneDelegate.swift */,
				D46A98F627E7AB390060F8C0 /* Main.storyboard */,
				D4A5298627E7BB1D00F6E35A /* League */,
				D46A98F927E7AB410060F8C0 /* Assets.xcassets */,
				D4A5297E27E7B23600F6E35A /* League Logo.xcassets */,
				D46A98FB27E7AB410060F8C0 /* LaunchScreen.storyboard */,
				D46A98FE27E7AB410060F8C0 /* Info.plist */,
			);
			path = FutInfo;
			sourceTree = "<group>";
		};
		D4A5298627E7BB1D00F6E35A /* League */ = {
			isa = PBXGroup;
			children = (
				D4A5298227E7B97C00F6E35A /* League.swift */,
				D4A5298027E7B8FD00F6E35A /* LeagueTableViewController.swift */,
				D4A5298427E7BB1800F6E35A /* LeagueTableViewCell.swift */,
			);
			path = League;
			sourceTree = "<group>";
		};
/* End PBXGroup section */

/* Begin PBXNativeTarget section */
		D46A98EC27E7AB390060F8C0 /* FutInfo */ = {
			isa = PBXNativeTarget;
			buildConfigurationList = D46A990127E7AB410060F8C0 /* Build configuration list for PBXNativeTarget "FutInfo" */;
			buildPhases = (
				D46A98E927E7AB390060F8C0 /* Sources */,
				D46A98EA27E7AB390060F8C0 /* Frameworks */,
				D46A98EB27E7AB390060F8C0 /* Resources */,
			);
			buildRules = (
			);
			dependencies = (
			);
			name = FutInfo;
			productName = FutInfo;
			productReference = D46A98ED27E7AB390060F8C0 /* FutInfo.app */;
			productType = "com.apple.product-type.application";
		};
/* End PBXNativeTarget section */

/* Begin PBXProject section */
		D46A98E527E7AB390060F8C0 /* Project object */ = {
			isa = PBXProject;
			attributes = {
				BuildIndependentTargetsInParallel = 1;
				LastSwiftUpdateCheck = 1320;
				LastUpgradeCheck = 1320;
				TargetAttributes = {
					D46A98EC27E7AB390060F8C0 = {
						CreatedOnToolsVersion = 13.2;
					};
				};
			};
			buildConfigurationList = D46A98E827E7AB390060F8C0 /* Build configuration list for PBXProject "FutInfo" */;
			compatibilityVersion = "Xcode 13.0";
			developmentRegion = en;
			hasScannedForEncodings = 0;
			knownRegions = (
				en,
				Base,
			);
			mainGroup = D46A98E427E7AB390060F8C0;
			productRefGroup = D46A98EE27E7AB390060F8C0 /* Products */;
			projectDirPath = "";
			projectRoot = "";
			targets = (
				D46A98EC27E7AB390060F8C0 /* FutInfo */,
			);
		};
/* End PBXProject section */

/* Begin PBXResourcesBuildPhase section */
		D46A98EB27E7AB390060F8C0 /* Resources */ = {
			isa = PBXResourcesBuildPhase;
			buildActionMask = 2147483647;
			files = (
				D4A5297F27E7B23600F6E35A /* League Logo.xcassets in Resources */,
				D46A98FD27E7AB410060F8C0 /* LaunchScreen.storyboard in Resources */,
				D46A98FA27E7AB410060F8C0 /* Assets.xcassets in Resources */,
				D46A98F827E7AB390060F8C0 /* Main.storyboard in Resources */,
			);
			runOnlyForDeploymentPostprocessing = 0;
		};
/* End PBXResourcesBuildPhase section */

/* Begin PBXSourcesBuildPhase section */
		D46A98E927E7AB390060F8C0 /* Sources */ = {
			isa = PBXSourcesBuildPhase;
			buildActionMask = 2147483647;
			files = (
				D46A98F127E7AB390060F8C0 /* AppDelegate.swift in Sources */,
				D4A5298527E7BB1800F6E35A /* LeagueTableViewCell.swift in Sources */,
				D4A5298127E7B8FD00F6E35A /* LeagueTableViewController.swift in Sources */,
				D4A5298327E7B97C00F6E35A /* League.swift in Sources */,
				D46A98F327E7AB390060F8C0 /* SceneDelegate.swift in Sources */,
			);
			runOnlyForDeploymentPostprocessing = 0;
		};
/* End PBXSourcesBuildPhase section */

/* Begin PBXVariantGroup section */
		D46A98F627E7AB390060F8C0 /* Main.storyboard */ = {
			isa = PBXVariantGroup;
			children = (
				D46A98F727E7AB390060F8C0 /* Base */,
			);
			name = Main.storyboard;
			sourceTree = "<group>";
		};
		D46A98FB27E7AB410060F8C0 /* LaunchScreen.storyboard */ = {
			isa = PBXVariantGroup;
			children = (
				D46A98FC27E7AB410060F8C0 /* Base */,
			);
			name = LaunchScreen.storyboard;
			sourceTree = "<group>";
		};
/* End PBXVariantGroup section */

/* Begin XCBuildConfiguration section */
		D46A98FF27E7AB410060F8C0 /* Debug */ = {
			isa = XCBuildConfiguration;
			buildSettings = {
				ALWAYS_SEARCH_USER_PATHS = NO;
				CLANG_ANALYZER_NONNULL = YES;
				CLANG_ANALYZER_NUMBER_OBJECT_CONVERSION = YES_AGGRESSIVE;
				CLANG_CXX_LANGUAGE_STANDARD = "gnu++17";
				CLANG_CXX_LIBRARY = "libc++";
				CLANG_ENABLE_MODULES = YES;
				CLANG_ENABLE_OBJC_ARC = YES;
				CLANG_ENABLE_OBJC_WEAK = YES;
				CLANG_WARN_BLOCK_CAPTURE_AUTORELEASING = YES;
				CLANG_WARN_BOOL_CONVERSION = YES;
				CLANG_WARN_COMMA = YES;
				CLANG_WARN_CONSTANT_CONVERSION = YES;
				CLANG_WARN_DEPRECATED_OBJC_IMPLEMENTATIONS = YES;
				CLANG_WARN_DIRECT_OBJC_ISA_USAGE = YES_ERROR;
				CLANG_WARN_DOCUMENTATION_COMMENTS = YES;
				CLANG_WARN_EMPTY_BODY = YES;
				CLANG_WARN_ENUM_CONVERSION = YES;
				CLANG_WARN_INFINITE_RECURSION = YES;
				CLANG_WARN_INT_CONVERSION = YES;
				CLANG_WARN_NON_LITERAL_NULL_CONVERSION = YES;
				CLANG_WARN_OBJC_IMPLICIT_RETAIN_SELF = YES;
				CLANG_WARN_OBJC_LITERAL_CONVERSION = YES;
				CLANG_WARN_OBJC_ROOT_CLASS = YES_ERROR;
				CLANG_WARN_QUOTED_INCLUDE_IN_FRAMEWORK_HEADER = YES;
				CLANG_WARN_RANGE_LOOP_ANALYSIS = YES;
				CLANG_WARN_STRICT_PROTOTYPES = YES;
				CLANG_WARN_SUSPICIOUS_MOVE = YES;
				CLANG_WARN_UNGUARDED_AVAILABILITY = YES_AGGRESSIVE;
				CLANG_WARN_UNREACHABLE_CODE = YES;
				CLANG_WARN__DUPLICATE_METHOD_MATCH = YES;
				COPY_PHASE_STRIP = NO;
				DEBUG_INFORMATION_FORMAT = dwarf;
				ENABLE_STRICT_OBJC_MSGSEND = YES;
				ENABLE_TESTABILITY = YES;
				GCC_C_LANGUAGE_STANDARD = gnu11;
				GCC_DYNAMIC_NO_PIC = NO;
				GCC_NO_COMMON_BLOCKS = YES;
				GCC_OPTIMIZATION_LEVEL = 0;
				GCC_PREPROCESSOR_DEFINITIONS = (
					"DEBUG=1",
					"$(inherited)",
				);
				GCC_WARN_64_TO_32_BIT_CONVERSION = YES;
				GCC_WARN_ABOUT_RETURN_TYPE = YES_ERROR;
				GCC_WARN_UNDECLARED_SELECTOR = YES;
				GCC_WARN_UNINITIALIZED_AUTOS = YES_AGGRESSIVE;
				GCC_WARN_UNUSED_FUNCTION = YES;
				GCC_WARN_UNUSED_VARIABLE = YES;
				IPHONEOS_DEPLOYMENT_TARGET = 14.0;
				MTL_ENABLE_DEBUG_INFO = INCLUDE_SOURCE;
				MTL_FAST_MATH = YES;
				ONLY_ACTIVE_ARCH = YES;
				SDKROOT = iphoneos;
				SWIFT_ACTIVE_COMPILATION_CONDITIONS = DEBUG;
				SWIFT_OPTIMIZATION_LEVEL = "-Onone";
			};
			name = Debug;
		};
		D46A990027E7AB410060F8C0 /* Release */ = {
			isa = XCBuildConfiguration;
			buildSettings = {
				ALWAYS_SEARCH_USER_PATHS = NO;
				CLANG_ANALYZER_NONNULL = YES;
				CLANG_ANALYZER_NUMBER_OBJECT_CONVERSION = YES_AGGRESSIVE;
				CLANG_CXX_LANGUAGE_STANDARD = "gnu++17";
				CLANG_CXX_LIBRARY = "libc++";
				CLANG_ENABLE_MODULES = YES;
				CLANG_ENABLE_OBJC_ARC = YES;
				CLANG_ENABLE_OBJC_WEAK = YES;
				CLANG_WARN_BLOCK_CAPTURE_AUTORELEASING = YES;
				CLANG_WARN_BOOL_CONVERSION = YES;
				CLANG_WARN_COMMA = YES;
				CLANG_WARN_CONSTANT_CONVERSION = YES;
				CLANG_WARN_DEPRECATED_OBJC_IMPLEMENTATIONS = YES;
				CLANG_WARN_DIRECT_OBJC_ISA_USAGE = YES_ERROR;
				CLANG_WARN_DOCUMENTATION_COMMENTS = YES;
				CLANG_WARN_EMPTY_BODY = YES;
				CLANG_WARN_ENUM_CONVERSION = YES;
				CLANG_WARN_INFINITE_RECURSION = YES;
				CLANG_WARN_INT_CONVERSION = YES;
				CLANG_WARN_NON_LITERAL_NULL_CONVERSION = YES;
				CLANG_WARN_OBJC_IMPLICIT_RETAIN_SELF = YES;
				CLANG_WARN_OBJC_LITERAL_CONVERSION = YES;
				CLANG_WARN_OBJC_ROOT_CLASS = YES_ERROR;
				CLANG_WARN_QUOTED_INCLUDE_IN_FRAMEWORK_HEADER = YES;
				CLANG_WARN_RANGE_LOOP_ANALYSIS = YES;
				CLANG_WARN_STRICT_PROTOTYPES = YES;
				CLANG_WARN_SUSPICIOUS_MOVE = YES;
				CLANG_WARN_UNGUARDED_AVAILABILITY = YES_AGGRESSIVE;
				CLANG_WARN_UNREACHABLE_CODE = YES;
				CLANG_WARN__DUPLICATE_METHOD_MATCH = YES;
				COPY_PHASE_STRIP = NO;
				DEBUG_INFORMATION_FORMAT = "dwarf-with-dsym";
				ENABLE_NS_ASSERTIONS = NO;
				ENABLE_STRICT_OBJC_MSGSEND = YES;
				GCC_C_LANGUAGE_STANDARD = gnu11;
				GCC_NO_COMMON_BLOCKS = YES;
				GCC_WARN_64_TO_32_BIT_CONVERSION = YES;
				GCC_WARN_ABOUT_RETURN_TYPE = YES_ERROR;
				GCC_WARN_UNDECLARED_SELECTOR = YES;
				GCC_WARN_UNINITIALIZED_AUTOS = YES_AGGRESSIVE;
				GCC_WARN_UNUSED_FUNCTION = YES;
				GCC_WARN_UNUSED_VARIABLE = YES;
				IPHONEOS_DEPLOYMENT_TARGET = 14.0;
				MTL_ENABLE_DEBUG_INFO = NO;
				MTL_FAST_MATH = YES;
				SDKROOT = iphoneos;
				SWIFT_COMPILATION_MODE = wholemodule;
				SWIFT_OPTIMIZATION_LEVEL = "-O";
				VALIDATE_PRODUCT = YES;
			};
			name = Release;
		};
		D46A990227E7AB410060F8C0 /* Debug */ = {
			isa = XCBuildConfiguration;
			buildSettings = {
				ASSETCATALOG_COMPILER_APPICON_NAME = AppIcon;
				ASSETCATALOG_COMPILER_GLOBAL_ACCENT_COLOR_NAME = AccentColor;
				CODE_SIGN_STYLE = Automatic;
				CURRENT_PROJECT_VERSION = 1;
				DEVELOPMENT_TEAM = YYBQU6VJPS;
				GENERATE_INFOPLIST_FILE = YES;
				INFOPLIST_FILE = FutInfo/Info.plist;
				INFOPLIST_KEY_UIApplicationSupportsIndirectInputEvents = YES;
				INFOPLIST_KEY_UILaunchStoryboardName = LaunchScreen;
				INFOPLIST_KEY_UIMainStoryboardFile = Main;
				INFOPLIST_KEY_UISupportedInterfaceOrientations_iPad = "UIInterfaceOrientationPortrait UIInterfaceOrientationPortraitUpsideDown UIInterfaceOrientationLandscapeLeft UIInterfaceOrientationLandscapeRight";
				INFOPLIST_KEY_UISupportedInterfaceOrientations_iPhone = "UIInterfaceOrientationPortrait UIInterfaceOrientationLandscapeLeft UIInterfaceOrientationLandscapeRight";
				IPHONEOS_DEPLOYMENT_TARGET = 14.0;
				LD_RUNPATH_SEARCH_PATHS = (
					"$(inherited)",
					"@executable_path/Frameworks",
				);
				MARKETING_VERSION = 1.0;
				PRODUCT_BUNDLE_IDENTIFIER = ch.yahyaascic.FutInfo;
				PRODUCT_NAME = "$(TARGET_NAME)";
				SWIFT_EMIT_LOC_STRINGS = YES;
				SWIFT_VERSION = 5.0;
				TARGETED_DEVICE_FAMILY = "1,2";
			};
			name = Debug;
		};
		D46A990327E7AB410060F8C0 /* Release */ = {
			isa = XCBuildConfiguration;
			buildSettings = {
				ASSETCATALOG_COMPILER_APPICON_NAME = AppIcon;
				ASSETCATALOG_COMPILER_GLOBAL_ACCENT_COLOR_NAME = AccentColor;
				CODE_SIGN_STYLE = Automatic;
				CURRENT_PROJECT_VERSION = 1;
				DEVELOPMENT_TEAM = YYBQU6VJPS;
				GENERATE_INFOPLIST_FILE = YES;
				INFOPLIST_FILE = FutInfo/Info.plist;
				INFOPLIST_KEY_UIApplicationSupportsIndirectInputEvents = YES;
				INFOPLIST_KEY_UILaunchStoryboardName = LaunchScreen;
				INFOPLIST_KEY_UIMainStoryboardFile = Main;
				INFOPLIST_KEY_UISupportedInterfaceOrientations_iPad = "UIInterfaceOrientationPortrait UIInterfaceOrientationPortraitUpsideDown UIInterfaceOrientationLandscapeLeft UIInterfaceOrientationLandscapeRight";
				INFOPLIST_KEY_UISupportedInterfaceOrientations_iPhone = "UIInterfaceOrientationPortrait UIInterfaceOrientationLandscapeLeft UIInterfaceOrientationLandscapeRight";
				IPHONEOS_DEPLOYMENT_TARGET = 14.0;
				LD_RUNPATH_SEARCH_PATHS = (
					"$(inherited)",
					"@executable_path/Frameworks",
				);
				MARKETING_VERSION = 1.0;
				PRODUCT_BUNDLE_IDENTIFIER = ch.yahyaascic.FutInfo;
				PRODUCT_NAME = "$(TARGET_NAME)";
				SWIFT_EMIT_LOC_STRINGS = YES;
				SWIFT_VERSION = 5.0;
				TARGETED_DEVICE_FAMILY = "1,2";
			};
			name = Release;
		};
/* End XCBuildConfiguration section */

/* Begin XCConfigurationList section */
		D46A98E827E7AB390060F8C0 /* Build configuration list for PBXProject "FutInfo" */ = {
			isa = XCConfigurationList;
			buildConfigurations = (
				D46A98FF27E7AB410060F8C0 /* Debug */,
				D46A990027E7AB410060F8C0 /* Release */,
			);
			defaultConfigurationIsVisible = 0;
			defaultConfigurationName = Release;
		};
		D46A990127E7AB410060F8C0 /* Build configuration list for PBXNativeTarget "FutInfo" */ = {
			isa = XCConfigurationList;
			buildConfigurations = (
				D46A990227E7AB410060F8C0 /* Debug */,
				D46A990327E7AB410060F8C0 /* Release */,
			);
			defaultConfigurationIsVisible = 0;
			defaultConfigurationName = Release;
		};
/* End XCConfigurationList section */
	};
	rootObject = D46A98E527E7AB390060F8C0 /* Project object */;
}
